
Microsoft Visual Studio Solution File, Format Version 12.00
# Visual Studio Version 17
VisualStudioVersion = 17.9.34616.47
MinimumVisualStudioVersion = 10.0.40219.1
Project("{FAE04EC0-301F-11D3-BF4B-00C04F79EFBC}") = "二维码", "二维码.csproj", "{0CFAB7C3-B307-478E-BCC2-E1A09A8400BA}"
EndProject
Global
	GlobalSection(SolutionConfigurationPlatforms) = preSolution
		Debug|Any CPU = Debug|Any CPU
		Release|Any CPU = Release|Any CPU
	EndGlobalSection
	GlobalSection(ProjectConfigurationPlatforms) = postSolution
		{0CFAB7C3-B307-478E-BCC2-E1A09A8400BA}.Debug|Any CPU.ActiveCfg = Debug|Any CPU
		{0CFAB7C3-B307-478E-BCC2-E1A09A8400BA}.Debug|Any CPU.Build.0 = Debug|Any CPU
		{0CFAB7C3-B307-478E-BCC2-E1A09A8400BA}.Release|Any CPU.ActiveCfg = Release|Any CPU
		{0CFAB7C3-B307-478E-BCC2-E1A09A8400BA}.Release|Any CPU.Build.0 = Release|Any CPU
	EndGlobalSection
	GlobalSection(SolutionProperties) = preSolution
		HideSolutionNode = FALSE
	EndGlobalSection
	GlobalSection(ExtensibilityGlobals) = postSolution
		SolutionGuid = {37DC74D0-4ADF-46D0-BDD1-8A3806937913}
	EndGlobalSection
EndGlobal
